
Microsoft Visual Studio Solution File, Format Version 12.00
# Visual Studio Version 17
VisualStudioVersion = 17.7.34031.279
MinimumVisualStudioVersion = 10.0.40219.1
Project("{FAE04EC0-301F-11D3-BF4B-00C04F79EFBC}") = "UniversoEstudantil", "UniversoEstudantil\UniversoEstudantil.csproj", "{6CAADB40-B044-42D6-9E14-8BC38251250D}"
EndProject
Global
	GlobalSection(SolutionConfigurationPlatforms) = preSolution
		Debug|Any CPU = Debug|Any CPU
		Release|Any CPU = Release|Any CPU
	EndGlobalSection
	GlobalSection(ProjectConfigurationPlatforms) = postSolution
		{6CAADB40-B044-42D6-9E14-8BC38251250D}.Debug|Any CPU.ActiveCfg = Debug|Any CPU
		{6CAADB40-B044-42D6-9E14-8BC38251250D}.Debug|Any CPU.Build.0 = Debug|Any CPU
		{6CAADB40-B044-42D6-9E14-8BC38251250D}.Release|Any CPU.ActiveCfg = Release|Any CPU
		{6CAADB40-B044-42D6-9E14-8BC38251250D}.Release|Any CPU.Build.0 = Release|Any CPU
	EndGlobalSection
	GlobalSection(SolutionProperties) = preSolution
		HideSolutionNode = FALSE
	EndGlobalSection
	GlobalSection(ExtensibilityGlobals) = postSolution
		SolutionGuid = {272DE744-910B-47CA-A75B-155AD5B71D56}
	EndGlobalSection
EndGlobal
